// !$*UTF8*$!
{
	archiveVersion = 1;
	classes = {
	};
	objectVersion = 46;
	objects = {

/* Begin PBXBuildFile section */
		0F98ACEB1359D672AA49A490 /* Pods_Skit.framework in Frameworks */ = {isa = PBXBuildFile; fileRef = 6B05DD2573B55F10B8EF8E57 /* Pods_Skit.framework */; };
		152A87031E4163630094F593 /* FeedViewController.swift in Sources */ = {isa = PBXBuildFile; fileRef = 152A87021E4163630094F593 /* FeedViewController.swift */; };
		156F932C1E423D7F0042F27E /* Tab bar.swift in Sources */ = {isa = PBXBuildFile; fileRef = 156F932B1E423D7F0042F27E /* Tab bar.swift */; };
		15C52E711E4103000066390C /* AppDelegate.swift in Sources */ = {isa = PBXBuildFile; fileRef = 15C52E701E4103000066390C /* AppDelegate.swift */; };
		15C52E731E4103000066390C /* SignInViewController.swift in Sources */ = {isa = PBXBuildFile; fileRef = 15C52E721E4103000066390C /* SignInViewController.swift */; };
		15C52E761E4103000066390C /* Main.storyboard in Resources */ = {isa = PBXBuildFile; fileRef = 15C52E741E4103000066390C /* Main.storyboard */; };
		15C52E781E4103000066390C /* Assets.xcassets in Resources */ = {isa = PBXBuildFile; fileRef = 15C52E771E4103000066390C /* Assets.xcassets */; };
		15C52E7B1E4103000066390C /* LaunchScreen.storyboard in Resources */ = {isa = PBXBuildFile; fileRef = 15C52E791E4103000066390C /* LaunchScreen.storyboard */; };
		15C52E831E4103900066390C /* GoogleService-Info.plist in Resources */ = {isa = PBXBuildFile; fileRef = 15C52E821E4103900066390C /* GoogleService-Info.plist */; };
		15C52EA61E410D350066390C /* AsyncButton.swift in Sources */ = {isa = PBXBuildFile; fileRef = 15C52E881E410D350066390C /* AsyncButton.swift */; };
		15C52EA71E410D350066390C /* AsyncImageView.swift in Sources */ = {isa = PBXBuildFile; fileRef = 15C52E891E410D350066390C /* AsyncImageView.swift */; };
		15C52EA81E410D350066390C /* AutoTextView.swift in Sources */ = {isa = PBXBuildFile; fileRef = 15C52E8A1E410D350066390C /* AutoTextView.swift */; };
		15C52EA91E410D350066390C /* BlurView.swift in Sources */ = {isa = PBXBuildFile; fileRef = 15C52E8B1E410D350066390C /* BlurView.swift */; };
		15C52EAA1E410D350066390C /* DesignableButton.swift in Sources */ = {isa = PBXBuildFile; fileRef = 15C52E8C1E410D350066390C /* DesignableButton.swift */; };
		15C52EAB1E410D350066390C /* DesignableImageView.swift in Sources */ = {isa = PBXBuildFile; fileRef = 15C52E8D1E410D350066390C /* DesignableImageView.swift */; };
		15C52EAC1E410D350066390C /* DesignableLabel.swift in Sources */ = {isa = PBXBuildFile; fileRef = 15C52E8E1E410D350066390C /* DesignableLabel.swift */; };
		15C52EAD1E410D350066390C /* DesignableTabBarController.swift in Sources */ = {isa = PBXBuildFile; fileRef = 15C52E8F1E410D350066390C /* DesignableTabBarController.swift */; };
		15C52EAE1E410D350066390C /* DesignableTextField.swift in Sources */ = {isa = PBXBuildFile; fileRef = 15C52E901E410D350066390C /* DesignableTextField.swift */; };
		15C52EAF1E410D350066390C /* DesignableTextView.swift in Sources */ = {isa = PBXBuildFile; fileRef = 15C52E911E410D350066390C /* DesignableTextView.swift */; };
		15C52EB01E410D350066390C /* DesignableView.swift in Sources */ = {isa = PBXBuildFile; fileRef = 15C52E921E410D350066390C /* DesignableView.swift */; };
		15C52EB11E410D350066390C /* ImageLoader.swift in Sources */ = {isa = PBXBuildFile; fileRef = 15C52E931E410D350066390C /* ImageLoader.swift */; };
		15C52EB21E410D350066390C /* Info.plist in Resources */ = {isa = PBXBuildFile; fileRef = 15C52E941E410D350066390C /* Info.plist */; };
		15C52EB31E410D350066390C /* KeyboardLayoutConstraint.swift in Sources */ = {isa = PBXBuildFile; fileRef = 15C52E951E410D350066390C /* KeyboardLayoutConstraint.swift */; };
		15C52EB41E410D350066390C /* LoadingView.swift in Sources */ = {isa = PBXBuildFile; fileRef = 15C52E961E410D350066390C /* LoadingView.swift */; };
		15C52EB51E410D350066390C /* LoadingView.xib in Resources */ = {isa = PBXBuildFile; fileRef = 15C52E971E410D350066390C /* LoadingView.xib */; };
		15C52EB61E410D350066390C /* Misc.swift in Sources */ = {isa = PBXBuildFile; fileRef = 15C52E981E410D350066390C /* Misc.swift */; };
		15C52EB71E410D350066390C /* SoundPlayer.swift in Sources */ = {isa = PBXBuildFile; fileRef = 15C52E991E410D350066390C /* SoundPlayer.swift */; };
		15C52EB81E410D350066390C /* Spring.swift in Sources */ = {isa = PBXBuildFile; fileRef = 15C52E9B1E410D350066390C /* Spring.swift */; };
		15C52EB91E410D350066390C /* SpringAnimation.swift in Sources */ = {isa = PBXBuildFile; fileRef = 15C52E9C1E410D350066390C /* SpringAnimation.swift */; };
		15C52EBA1E410D350066390C /* SpringButton.swift in Sources */ = {isa = PBXBuildFile; fileRef = 15C52E9D1E410D350066390C /* SpringButton.swift */; };
		15C52EBB1E410D350066390C /* SpringImageView.swift in Sources */ = {isa = PBXBuildFile; fileRef = 15C52E9E1E410D350066390C /* SpringImageView.swift */; };
		15C52EBC1E410D350066390C /* SpringLabel.swift in Sources */ = {isa = PBXBuildFile; fileRef = 15C52E9F1E410D350066390C /* SpringLabel.swift */; };
		15C52EBD1E410D350066390C /* SpringTextField.swift in Sources */ = {isa = PBXBuildFile; fileRef = 15C52EA01E410D350066390C /* SpringTextField.swift */; };
		15C52EBE1E410D350066390C /* SpringTextView.swift in Sources */ = {isa = PBXBuildFile; fileRef = 15C52EA11E410D350066390C /* SpringTextView.swift */; };
		15C52EBF1E410D350066390C /* SpringView.swift in Sources */ = {isa = PBXBuildFile; fileRef = 15C52EA21E410D350066390C /* SpringView.swift */; };
		15C52EC01E410D350066390C /* TransitionManager.swift in Sources */ = {isa = PBXBuildFile; fileRef = 15C52EA31E410D350066390C /* TransitionManager.swift */; };
		15C52EC11E410D350066390C /* TransitionZoom.swift in Sources */ = {isa = PBXBuildFile; fileRef = 15C52EA41E410D350066390C /* TransitionZoom.swift */; };
		15C52EC21E410D350066390C /* UnwindSegue.swift in Sources */ = {isa = PBXBuildFile; fileRef = 15C52EA51E410D350066390C /* UnwindSegue.swift */; };
/* End PBXBuildFile section */

/* Begin PBXFileReference section */
		152A87021E4163630094F593 /* FeedViewController.swift */ = {isa = PBXFileReference; fileEncoding = 4; lastKnownFileType = sourcecode.swift; path = FeedViewController.swift; sourceTree = "<group>"; };
		156F932B1E423D7F0042F27E /* Tab bar.swift */ = {isa = PBXFileReference; fileEncoding = 4; lastKnownFileType = sourcecode.swift; path = "Tab bar.swift"; sourceTree = "<group>"; };
		15C52E6D1E4103000066390C /* Skit.app */ = {isa = PBXFileReference; explicitFileType = wrapper.application; includeInIndex = 0; path = Skit.app; sourceTree = BUILT_PRODUCTS_DIR; };
		15C52E701E4103000066390C /* AppDelegate.swift */ = {isa = PBXFileReference; lastKnownFileType = sourcecode.swift; path = AppDelegate.swift; sourceTree = "<group>"; };
		15C52E721E4103000066390C /* SignInViewController.swift */ = {isa = PBXFileReference; lastKnownFileType = sourcecode.swift; path = SignInViewController.swift; sourceTree = "<group>"; };
		15C52E751E4103000066390C /* Base */ = {isa = PBXFileReference; lastKnownFileType = file.storyboard; name = Base; path = Base.lproj/Main.storyboard; sourceTree = "<group>"; };
		15C52E771E4103000066390C /* Assets.xcassets */ = {isa = PBXFileReference; lastKnownFileType = folder.assetcatalog; path = Assets.xcassets; sourceTree = "<group>"; };
		15C52E7A1E4103000066390C /* Base */ = {isa = PBXFileReference; lastKnownFileType = file.storyboard; name = Base; path = Base.lproj/LaunchScreen.storyboard; sourceTree = "<group>"; };
		15C52E7C1E4103000066390C /* Info.plist */ = {isa = PBXFileReference; lastKnownFileType = text.plist.xml; path = Info.plist; sourceTree = "<group>"; };
		15C52E821E4103900066390C /* GoogleService-Info.plist */ = {isa = PBXFileReference; fileEncoding = 4; lastKnownFileType = text.plist.xml; path = "GoogleService-Info.plist"; sourceTree = "<group>"; };
		15C52E881E410D350066390C /* AsyncButton.swift */ = {isa = PBXFileReference; fileEncoding = 4; lastKnownFileType = sourcecode.swift; path = AsyncButton.swift; sourceTree = "<group>"; };
		15C52E891E410D350066390C /* AsyncImageView.swift */ = {isa = PBXFileReference; fileEncoding = 4; lastKnownFileType = sourcecode.swift; path = AsyncImageView.swift; sourceTree = "<group>"; };
		15C52E8A1E410D350066390C /* AutoTextView.swift */ = {isa = PBXFileReference; fileEncoding = 4; lastKnownFileType = sourcecode.swift; path = AutoTextView.swift; sourceTree = "<group>"; };
		15C52E8B1E410D350066390C /* BlurView.swift */ = {isa = PBXFileReference; fileEncoding = 4; lastKnownFileType = sourcecode.swift; path = BlurView.swift; sourceTree = "<group>"; };
		15C52E8C1E410D350066390C /* DesignableButton.swift */ = {isa = PBXFileReference; fileEncoding = 4; lastKnownFileType = sourcecode.swift; path = DesignableButton.swift; sourceTree = "<group>"; };
		15C52E8D1E410D350066390C /* DesignableImageView.swift */ = {isa = PBXFileReference; fileEncoding = 4; lastKnownFileType = sourcecode.swift; path = DesignableImageView.swift; sourceTree = "<group>"; };
		15C52E8E1E410D350066390C /* DesignableLabel.swift */ = {isa = PBXFileReference; fileEncoding = 4; lastKnownFileType = sourcecode.swift; path = DesignableLabel.swift; sourceTree = "<group>"; };
		15C52E8F1E410D350066390C /* DesignableTabBarController.swift */ = {isa = PBXFileReference; fileEncoding = 4; lastKnownFileType = sourcecode.swift; path = DesignableTabBarController.swift; sourceTree = "<group>"; };
		15C52E901E410D350066390C /* DesignableTextField.swift */ = {isa = PBXFileReference; fileEncoding = 4; lastKnownFileType = sourcecode.swift; path = DesignableTextField.swift; sourceTree = "<group>"; };
		15C52E911E410D350066390C /* DesignableTextView.swift */ = {isa = PBXFileReference; fileEncoding = 4; lastKnownFileType = sourcecode.swift; path = DesignableTextView.swift; sourceTree = "<group>"; };
		15C52E921E410D350066390C /* DesignableView.swift */ = {isa = PBXFileReference; fileEncoding = 4; lastKnownFileType = sourcecode.swift; path = DesignableView.swift; sourceTree = "<group>"; };
		15C52E931E410D350066390C /* ImageLoader.swift */ = {isa = PBXFileReference; fileEncoding = 4; lastKnownFileType = sourcecode.swift; path = ImageLoader.swift; sourceTree = "<group>"; };
		15C52E941E410D350066390C /* Info.plist */ = {isa = PBXFileReference; fileEncoding = 4; lastKnownFileType = text.plist.xml; path = Info.plist; sourceTree = "<group>"; };
		15C52E951E410D350066390C /* KeyboardLayoutConstraint.swift */ = {isa = PBXFileReference; fileEncoding = 4; lastKnownFileType = sourcecode.swift; path = KeyboardLayoutConstraint.swift; sourceTree = "<group>"; };
		15C52E961E410D350066390C /* LoadingView.swift */ = {isa = PBXFileReference; fileEncoding = 4; lastKnownFileType = sourcecode.swift; path = LoadingView.swift; sourceTree = "<group>"; };
		15C52E971E410D350066390C /* LoadingView.xib */ = {isa = PBXFileReference; fileEncoding = 4; lastKnownFileType = file.xib; path = LoadingView.xib; sourceTree = "<group>"; };
		15C52E981E410D350066390C /* Misc.swift */ = {isa = PBXFileReference; fileEncoding = 4; lastKnownFileType = sourcecode.swift; path = Misc.swift; sourceTree = "<group>"; };
		15C52E991E410D350066390C /* SoundPlayer.swift */ = {isa = PBXFileReference; fileEncoding = 4; lastKnownFileType = sourcecode.swift; path = SoundPlayer.swift; sourceTree = "<group>"; };
		15C52E9A1E410D350066390C /* Spring.h */ = {isa = PBXFileReference; fileEncoding = 4; lastKnownFileType = sourcecode.c.h; path = Spring.h; sourceTree = "<group>"; };
		15C52E9B1E410D350066390C /* Spring.swift */ = {isa = PBXFileReference; fileEncoding = 4; lastKnownFileType = sourcecode.swift; path = Spring.swift; sourceTree = "<group>"; };
		15C52E9C1E410D350066390C /* SpringAnimation.swift */ = {isa = PBXFileReference; fileEncoding = 4; lastKnownFileType = sourcecode.swift; path = SpringAnimation.swift; sourceTree = "<group>"; };
		15C52E9D1E410D350066390C /* SpringButton.swift */ = {isa = PBXFileReference; fileEncoding = 4; lastKnownFileType = sourcecode.swift; path = SpringButton.swift; sourceTree = "<group>"; };
		15C52E9E1E410D350066390C /* SpringImageView.swift */ = {isa = PBXFileReference; fileEncoding = 4; lastKnownFileType = sourcecode.swift; path = SpringImageView.swift; sourceTree = "<group>"; };
		15C52E9F1E410D350066390C /* SpringLabel.swift */ = {isa = PBXFileReference; fileEncoding = 4; lastKnownFileType = sourcecode.swift; path = SpringLabel.swift; sourceTree = "<group>"; };
		15C52EA01E410D350066390C /* SpringTextField.swift */ = {isa = PBXFileReference; fileEncoding = 4; lastKnownFileType = sourcecode.swift; path = SpringTextField.swift; sourceTree = "<group>"; };
		15C52EA11E410D350066390C /* SpringTextView.swift */ = {isa = PBXFileReference; fileEncoding = 4; lastKnownFileType = sourcecode.swift; path = SpringTextView.swift; sourceTree = "<group>"; };
		15C52EA21E410D350066390C /* SpringView.swift */ = {isa = PBXFileReference; fileEncoding = 4; lastKnownFileType = sourcecode.swift; path = SpringView.swift; sourceTree = "<group>"; };
		15C52EA31E410D350066390C /* TransitionManager.swift */ = {isa = PBXFileReference; fileEncoding = 4; lastKnownFileType = sourcecode.swift; path = TransitionManager.swift; sourceTree = "<group>"; };
		15C52EA41E410D350066390C /* TransitionZoom.swift */ = {isa = PBXFileReference; fileEncoding = 4; lastKnownFileType = sourcecode.swift; path = TransitionZoom.swift; sourceTree = "<group>"; };
		15C52EA51E410D350066390C /* UnwindSegue.swift */ = {isa = PBXFileReference; fileEncoding = 4; lastKnownFileType = sourcecode.swift; path = UnwindSegue.swift; sourceTree = "<group>"; };
		2D059D1F048A00397E3DB296 /* Pods-Skit.debug.xcconfig */ = {isa = PBXFileReference; includeInIndex = 1; lastKnownFileType = text.xcconfig; name = "Pods-Skit.debug.xcconfig"; path = "Pods/Target Support Files/Pods-Skit/Pods-Skit.debug.xcconfig"; sourceTree = "<group>"; };
		62C3F521BB19355AA6FB6DD1 /* Pods-Skit.release.xcconfig */ = {isa = PBXFileReference; includeInIndex = 1; lastKnownFileType = text.xcconfig; name = "Pods-Skit.release.xcconfig"; path = "Pods/Target Support Files/Pods-Skit/Pods-Skit.release.xcconfig"; sourceTree = "<group>"; };
		6B05DD2573B55F10B8EF8E57 /* Pods_Skit.framework */ = {isa = PBXFileReference; explicitFileType = wrapper.framework; includeInIndex = 0; path = Pods_Skit.framework; sourceTree = BUILT_PRODUCTS_DIR; };
/* End PBXFileReference section */

/* Begin PBXFrameworksBuildPhase section */
		15C52E6A1E4103000066390C /* Frameworks */ = {
			isa = PBXFrameworksBuildPhase;
			buildActionMask = 2147483647;
			files = (
				0F98ACEB1359D672AA49A490 /* Pods_Skit.framework in Frameworks */,
			);
			runOnlyForDeploymentPostprocessing = 0;
		};
/* End PBXFrameworksBuildPhase section */

/* Begin PBXGroup section */
		156F93281E423B740042F27E /* Extensions */ = {
			isa = PBXGroup;
			children = (
				156F932B1E423D7F0042F27E /* Tab bar.swift */,
			);
			name = Extensions;
			sourceTree = "<group>";
		};
		15C52E641E4103000066390C = {
			isa = PBXGroup;
			children = (
				15C52E6F1E4103000066390C /* Skit */,
				15C52E6E1E4103000066390C /* Products */,
				F3CFF8C865954AF73C8892FA /* Pods */,
				5769894BA70395E5C3EC6B07 /* Frameworks */,
			);
			sourceTree = "<group>";
		};
		15C52E6E1E4103000066390C /* Products */ = {
			isa = PBXGroup;
			children = (
				15C52E6D1E4103000066390C /* Skit.app */,
			);
			name = Products;
			sourceTree = "<group>";
		};
		15C52E6F1E4103000066390C /* Skit */ = {
			isa = PBXGroup;
			children = (
				15C52E701E4103000066390C /* AppDelegate.swift */,
				156F93281E423B740042F27E /* Extensions */,
				15C52E871E410D350066390C /* Spring */,
				15C52E841E4107F80066390C /* Model */,
				15C52E851E4107FD0066390C /* View */,
				15C52E861E4108030066390C /* Controller */,
				15C52E771E4103000066390C /* Assets.xcassets */,
				15C52E821E4103900066390C /* GoogleService-Info.plist */,
				15C52E7C1E4103000066390C /* Info.plist */,
			);
			path = Skit;
			sourceTree = "<group>";
		};
		15C52E841E4107F80066390C /* Model */ = {
			isa = PBXGroup;
			children = (
			);
			name = Model;
			sourceTree = "<group>";
		};
		15C52E851E4107FD0066390C /* View */ = {
			isa = PBXGroup;
			children = (
				15C52E741E4103000066390C /* Main.storyboard */,
				15C52E791E4103000066390C /* LaunchScreen.storyboard */,
			);
			name = View;
			sourceTree = "<group>";
		};
		15C52E861E4108030066390C /* Controller */ = {
			isa = PBXGroup;
			children = (
				15C52E721E4103000066390C /* SignInViewController.swift */,
				152A87021E4163630094F593 /* FeedViewController.swift */,
			);
			name = Controller;
			sourceTree = "<group>";
		};
		15C52E871E410D350066390C /* Spring */ = {
			isa = PBXGroup;
			children = (
				15C52E881E410D350066390C /* AsyncButton.swift */,
				15C52E891E410D350066390C /* AsyncImageView.swift */,
				15C52E8A1E410D350066390C /* AutoTextView.swift */,
				15C52E8B1E410D350066390C /* BlurView.swift */,
				15C52E8C1E410D350066390C /* DesignableButton.swift */,
				15C52E8D1E410D350066390C /* DesignableImageView.swift */,
				15C52E8E1E410D350066390C /* DesignableLabel.swift */,
				15C52E8F1E410D350066390C /* DesignableTabBarController.swift */,
				15C52E901E410D350066390C /* DesignableTextField.swift */,
				15C52E911E410D350066390C /* DesignableTextView.swift */,
				15C52E921E410D350066390C /* DesignableView.swift */,
				15C52E931E410D350066390C /* ImageLoader.swift */,
				15C52E941E410D350066390C /* Info.plist */,
				15C52E951E410D350066390C /* KeyboardLayoutConstraint.swift */,
				15C52E961E410D350066390C /* LoadingView.swift */,
				15C52E971E410D350066390C /* LoadingView.xib */,
				15C52E981E410D350066390C /* Misc.swift */,
				15C52E991E410D350066390C /* SoundPlayer.swift */,
				15C52E9A1E410D350066390C /* Spring.h */,
				15C52E9B1E410D350066390C /* Spring.swift */,
				15C52E9C1E410D350066390C /* SpringAnimation.swift */,
				15C52E9D1E410D350066390C /* SpringButton.swift */,
				15C52E9E1E410D350066390C /* SpringImageView.swift */,
				15C52E9F1E410D350066390C /* SpringLabel.swift */,
				15C52EA01E410D350066390C /* SpringTextField.swift */,
				15C52EA11E410D350066390C /* SpringTextView.swift */,
				15C52EA21E410D350066390C /* SpringView.swift */,
				15C52EA31E410D350066390C /* TransitionManager.swift */,
				15C52EA41E410D350066390C /* TransitionZoom.swift */,
				15C52EA51E410D350066390C /* UnwindSegue.swift */,
			);
			path = Spring;
			sourceTree = "<group>";
		};
		5769894BA70395E5C3EC6B07 /* Frameworks */ = {
			isa = PBXGroup;
			children = (
				6B05DD2573B55F10B8EF8E57 /* Pods_Skit.framework */,
			);
			name = Frameworks;
			sourceTree = "<group>";
		};
		F3CFF8C865954AF73C8892FA /* Pods */ = {
			isa = PBXGroup;
			children = (
				2D059D1F048A00397E3DB296 /* Pods-Skit.debug.xcconfig */,
				62C3F521BB19355AA6FB6DD1 /* Pods-Skit.release.xcconfig */,
			);
			name = Pods;
			sourceTree = "<group>";
		};
/* End PBXGroup section */

/* Begin PBXNativeTarget section */
		15C52E6C1E4103000066390C /* Skit */ = {
			isa = PBXNativeTarget;
			buildConfigurationList = 15C52E7F1E4103000066390C /* Build configuration list for PBXNativeTarget "Skit" */;
			buildPhases = (
				89A7A2E3337C90AEDB63B6A4 /* [CP] Check Pods Manifest.lock */,
				15C52E691E4103000066390C /* Sources */,
				15C52E6A1E4103000066390C /* Frameworks */,
				15C52E6B1E4103000066390C /* Resources */,
				3B057136F7BF9AB538CCE5EB /* [CP] Embed Pods Frameworks */,
				A06CFD148D6724E63B62D3CF /* [CP] Copy Pods Resources */,
			);
			buildRules = (
			);
			dependencies = (
			);
			name = Skit;
			productName = Skit;
			productReference = 15C52E6D1E4103000066390C /* Skit.app */;
			productType = "com.apple.product-type.application";
		};
/* End PBXNativeTarget section */

/* Begin PBXProject section */
		15C52E651E4103000066390C /* Project object */ = {
			isa = PBXProject;
			attributes = {
				LastSwiftUpdateCheck = 0810;
				LastUpgradeCheck = 0810;
				ORGANIZATIONNAME = "AR Ehsan";
				TargetAttributes = {
					15C52E6C1E4103000066390C = {
						CreatedOnToolsVersion = 8.1;
						DevelopmentTeam = AF7QK5XC7P;
						ProvisioningStyle = Automatic;
					};
				};
			};
			buildConfigurationList = 15C52E681E4103000066390C /* Build configuration list for PBXProject "Skit" */;
			compatibilityVersion = "Xcode 3.2";
			developmentRegion = English;
			hasScannedForEncodings = 0;
			knownRegions = (
				en,
				Base,
			);
			mainGroup = 15C52E641E4103000066390C;
			productRefGroup = 15C52E6E1E4103000066390C /* Products */;
			projectDirPath = "";
			projectRoot = "";
			targets = (
				15C52E6C1E4103000066390C /* Skit */,
			);
		};
/* End PBXProject section */

/* Begin PBXResourcesBuildPhase section */
		15C52E6B1E4103000066390C /* Resources */ = {
			isa = PBXResourcesBuildPhase;
			buildActionMask = 2147483647;
			files = (
				15C52E7B1E4103000066390C /* LaunchScreen.storyboard in Resources */,
				15C52E831E4103900066390C /* GoogleService-Info.plist in Resources */,
				15C52E781E4103000066390C /* Assets.xcassets in Resources */,
				15C52EB51E410D350066390C /* LoadingView.xib in Resources */,
				15C52EB21E410D350066390C /* Info.plist in Resources */,
				15C52E761E4103000066390C /* Main.storyboard in Resources */,
			);
			runOnlyForDeploymentPostprocessing = 0;
		};
/* End PBXResourcesBuildPhase section */

/* Begin PBXShellScriptBuildPhase section */
		3B057136F7BF9AB538CCE5EB /* [CP] Embed Pods Frameworks */ = {
			isa = PBXShellScriptBuildPhase;
			buildActionMask = 2147483647;
			files = (
			);
			inputPaths = (
			);
			name = "[CP] Embed Pods Frameworks";
			outputPaths = (
			);
			runOnlyForDeploymentPostprocessing = 0;
			shellPath = /bin/sh;
			shellScript = "\"${SRCROOT}/Pods/Target Support Files/Pods-Skit/Pods-Skit-frameworks.sh\"\n";
			showEnvVarsInLog = 0;
		};
		89A7A2E3337C90AEDB63B6A4 /* [CP] Check Pods Manifest.lock */ = {
			isa = PBXShellScriptBuildPhase;
			buildActionMask = 2147483647;
			files = (
			);
			inputPaths = (
			);
			name = "[CP] Check Pods Manifest.lock";
			outputPaths = (
			);
			runOnlyForDeploymentPostprocessing = 0;
			shellPath = /bin/sh;
			shellScript = "diff \"${PODS_ROOT}/../Podfile.lock\" \"${PODS_ROOT}/Manifest.lock\" > /dev/null\nif [ $? != 0 ] ; then\n    # print error to STDERR\n    echo \"error: The sandbox is not in sync with the Podfile.lock. Run 'pod install' or update your CocoaPods installation.\" >&2\n    exit 1\nfi\n";
			showEnvVarsInLog = 0;
		};
		A06CFD148D6724E63B62D3CF /* [CP] Copy Pods Resources */ = {
			isa = PBXShellScriptBuildPhase;
			buildActionMask = 2147483647;
			files = (
			);
			inputPaths = (
			);
			name = "[CP] Copy Pods Resources";
			outputPaths = (
			);
			runOnlyForDeploymentPostprocessing = 0;
			shellPath = /bin/sh;
			shellScript = "\"${SRCROOT}/Pods/Target Support Files/Pods-Skit/Pods-Skit-resources.sh\"\n";
			showEnvVarsInLog = 0;
		};
/* End PBXShellScriptBuildPhase section */

/* Begin PBXSourcesBuildPhase section */
		15C52E691E4103000066390C /* Sources */ = {
			isa = PBXSourcesBuildPhase;
			buildActionMask = 2147483647;
			files = (
				15C52EBC1E410D350066390C /* SpringLabel.swift in Sources */,
				15C52EB11E410D350066390C /* ImageLoader.swift in Sources */,
				15C52EB61E410D350066390C /* Misc.swift in Sources */,
				15C52EAB1E410D350066390C /* DesignableImageView.swift in Sources */,
				15C52EBB1E410D350066390C /* SpringImageView.swift in Sources */,
				15C52E731E4103000066390C /* SignInViewController.swift in Sources */,
				15C52EB71E410D350066390C /* SoundPlayer.swift in Sources */,
				15C52EBE1E410D350066390C /* SpringTextView.swift in Sources */,
				15C52E711E4103000066390C /* AppDelegate.swift in Sources */,
				15C52EB01E410D350066390C /* DesignableView.swift in Sources */,
				15C52EB91E410D350066390C /* SpringAnimation.swift in Sources */,
				15C52EB81E410D350066390C /* Spring.swift in Sources */,
				15C52EB41E410D350066390C /* LoadingView.swift in Sources */,
				15C52EBD1E410D350066390C /* SpringTextField.swift in Sources */,
				15C52EAA1E410D350066390C /* DesignableButton.swift in Sources */,
				156F932C1E423D7F0042F27E /* Tab bar.swift in Sources */,
				15C52EAE1E410D350066390C /* DesignableTextField.swift in Sources */,
				15C52EA61E410D350066390C /* AsyncButton.swift in Sources */,
				15C52EB31E410D350066390C /* KeyboardLayoutConstraint.swift in Sources */,
				15C52EBA1E410D350066390C /* SpringButton.swift in Sources */,
				15C52EA71E410D350066390C /* AsyncImageView.swift in Sources */,
				15C52EAD1E410D350066390C /* DesignableTabBarController.swift in Sources */,
				15C52EA81E410D350066390C /* AutoTextView.swift in Sources */,
				152A87031E4163630094F593 /* FeedViewController.swift in Sources */,
				15C52EAF1E410D350066390C /* DesignableTextView.swift in Sources */,
				15C52EAC1E410D350066390C /* DesignableLabel.swift in Sources */,
				15C52EC21E410D350066390C /* UnwindSegue.swift in Sources */,
				15C52EC01E410D350066390C /* TransitionManager.swift in Sources */,
				15C52EA91E410D350066390C /* BlurView.swift in Sources */,
				15C52EBF1E410D350066390C /* SpringView.swift in Sources */,
				15C52EC11E410D350066390C /* TransitionZoom.swift in Sources */,
			);
			runOnlyForDeploymentPostprocessing = 0;
		};
/* End PBXSourcesBuildPhase section */

/* Begin PBXVariantGroup section */
		15C52E741E4103000066390C /* Main.storyboard */ = {
			isa = PBXVariantGroup;
			children = (
				15C52E751E4103000066390C /* Base */,
			);
			name = Main.storyboard;
			sourceTree = "<group>";
		};
		15C52E791E4103000066390C /* LaunchScreen.storyboard */ = {
			isa = PBXVariantGroup;
			children = (
				15C52E7A1E4103000066390C /* Base */,
			);
			name = LaunchScreen.storyboard;
			sourceTree = "<group>";
		};
/* End PBXVariantGroup section */

/* Begin XCBuildConfiguration section */
		15C52E7D1E4103000066390C /* Debug */ = {
			isa = XCBuildConfiguration;
			buildSettings = {
				ALWAYS_SEARCH_USER_PATHS = NO;
				CLANG_ANALYZER_NONNULL = YES;
				CLANG_CXX_LANGUAGE_STANDARD = "gnu++0x";
				CLANG_CXX_LIBRARY = "libc++";
				CLANG_ENABLE_MODULES = YES;
				CLANG_ENABLE_OBJC_ARC = YES;
				CLANG_WARN_BOOL_CONVERSION = YES;
				CLANG_WARN_CONSTANT_CONVERSION = YES;
				CLANG_WARN_DIRECT_OBJC_ISA_USAGE = YES_ERROR;
				CLANG_WARN_DOCUMENTATION_COMMENTS = YES;
				CLANG_WARN_EMPTY_BODY = YES;
				CLANG_WARN_ENUM_CONVERSION = YES;
				CLANG_WARN_INFINITE_RECURSION = YES;
				CLANG_WARN_INT_CONVERSION = YES;
				CLANG_WARN_OBJC_ROOT_CLASS = YES_ERROR;
				CLANG_WARN_SUSPICIOUS_MOVES = YES;
				CLANG_WARN_UNREACHABLE_CODE = YES;
				CLANG_WARN__DUPLICATE_METHOD_MATCH = YES;
				"CODE_SIGN_IDENTITY[sdk=iphoneos*]" = "iPhone Developer";
				COPY_PHASE_STRIP = NO;
				DEBUG_INFORMATION_FORMAT = dwarf;
				ENABLE_STRICT_OBJC_MSGSEND = YES;
				ENABLE_TESTABILITY = YES;
				GCC_C_LANGUAGE_STANDARD = gnu99;
				GCC_DYNAMIC_NO_PIC = NO;
				GCC_NO_COMMON_BLOCKS = YES;
				GCC_OPTIMIZATION_LEVEL = 0;
				GCC_PREPROCESSOR_DEFINITIONS = (
					"DEBUG=1",
					"$(inherited)",
				);
				GCC_WARN_64_TO_32_BIT_CONVERSION = YES;
				GCC_WARN_ABOUT_RETURN_TYPE = YES_ERROR;
				GCC_WARN_UNDECLARED_SELECTOR = YES;
				GCC_WARN_UNINITIALIZED_AUTOS = YES_AGGRESSIVE;
				GCC_WARN_UNUSED_FUNCTION = YES;
				GCC_WARN_UNUSED_VARIABLE = YES;
				IPHONEOS_DEPLOYMENT_TARGET = 10.1;
				MTL_ENABLE_DEBUG_INFO = YES;
				ONLY_ACTIVE_ARCH = YES;
				SDKROOT = iphoneos;
				SWIFT_ACTIVE_COMPILATION_CONDITIONS = DEBUG;
				SWIFT_OPTIMIZATION_LEVEL = "-Onone";
			};
			name = Debug;
		};
		15C52E7E1E4103000066390C /* Release */ = {
			isa = XCBuildConfiguration;
			buildSettings = {
				ALWAYS_SEARCH_USER_PATHS = NO;
				CLANG_ANALYZER_NONNULL = YES;
				CLANG_CXX_LANGUAGE_STANDARD = "gnu++0x";
				CLANG_CXX_LIBRARY = "libc++";
				CLANG_ENABLE_MODULES = YES;
				CLANG_ENABLE_OBJC_ARC = YES;
				CLANG_WARN_BOOL_CONVERSION = YES;
				CLANG_WARN_CONSTANT_CONVERSION = YES;
				CLANG_WARN_DIRECT_OBJC_ISA_USAGE = YES_ERROR;
				CLANG_WARN_DOCUMENTATION_COMMENTS = YES;
				CLANG_WARN_EMPTY_BODY = YES;
				CLANG_WARN_ENUM_CONVERSION = YES;
				CLANG_WARN_INFINITE_RECURSION = YES;
				CLANG_WARN_INT_CONVERSION = YES;
				CLANG_WARN_OBJC_ROOT_CLASS = YES_ERROR;
				CLANG_WARN_SUSPICIOUS_MOVES = YES;
				CLANG_WARN_UNREACHABLE_CODE = YES;
				CLANG_WARN__DUPLICATE_METHOD_MATCH = YES;
				"CODE_SIGN_IDENTITY[sdk=iphoneos*]" = "iPhone Developer";
				COPY_PHASE_STRIP = NO;
				DEBUG_INFORMATION_FORMAT = "dwarf-with-dsym";
				ENABLE_NS_ASSERTIONS = NO;
				ENABLE_STRICT_OBJC_MSGSEND = YES;
				GCC_C_LANGUAGE_STANDARD = gnu99;
				GCC_NO_COMMON_BLOCKS = YES;
				GCC_WARN_64_TO_32_BIT_CONVERSION = YES;
				GCC_WARN_ABOUT_RETURN_TYPE = YES_ERROR;
				GCC_WARN_UNDECLARED_SELECTOR = YES;
				GCC_WARN_UNINITIALIZED_AUTOS = YES_AGGRESSIVE;
				GCC_WARN_UNUSED_FUNCTION = YES;
				GCC_WARN_UNUSED_VARIABLE = YES;
				IPHONEOS_DEPLOYMENT_TARGET = 10.1;
				MTL_ENABLE_DEBUG_INFO = NO;
				SDKROOT = iphoneos;
				SWIFT_OPTIMIZATION_LEVEL = "-Owholemodule";
				VALIDATE_PRODUCT = YES;
			};
			name = Release;
		};
		15C52E801E4103000066390C /* Debug */ = {
			isa = XCBuildConfiguration;
			baseConfigurationReference = 2D059D1F048A00397E3DB296 /* Pods-Skit.debug.xcconfig */;
			buildSettings = {
				ASSETCATALOG_COMPILER_APPICON_NAME = AppIcon;
				DEVELOPMENT_TEAM = AF7QK5XC7P;
				INFOPLIST_FILE = Skit/Info.plist;
				LD_RUNPATH_SEARCH_PATHS = "$(inherited) @executable_path/Frameworks";
				PRODUCT_BUNDLE_IDENTIFIER = com.arehsan.Skit;
				PRODUCT_NAME = "$(TARGET_NAME)";
				SWIFT_VERSION = 3.0;
			};
			name = Debug;
		};
		15C52E811E4103000066390C /* Release */ = {
			isa = XCBuildConfiguration;
			baseConfigurationReference = 62C3F521BB19355AA6FB6DD1 /* Pods-Skit.release.xcconfig */;
			buildSettings = {
				ASSETCATALOG_COMPILER_APPICON_NAME = AppIcon;
				DEVELOPMENT_TEAM = AF7QK5XC7P;
				INFOPLIST_FILE = Skit/Info.plist;
				LD_RUNPATH_SEARCH_PATHS = "$(inherited) @executable_path/Frameworks";
				PRODUCT_BUNDLE_IDENTIFIER = com.arehsan.Skit;
				PRODUCT_NAME = "$(TARGET_NAME)";
				SWIFT_VERSION = 3.0;
			};
			name = Release;
		};
/* End XCBuildConfiguration section */

/* Begin XCConfigurationList section */
		15C52E681E4103000066390C /* Build configuration list for PBXProject "Skit" */ = {
			isa = XCConfigurationList;
			buildConfigurations = (
				15C52E7D1E4103000066390C /* Debug */,
				15C52E7E1E4103000066390C /* Release */,
			);
			defaultConfigurationIsVisible = 0;
			defaultConfigurationName = Release;
		};
		15C52E7F1E4103000066390C /* Build configuration list for PBXNativeTarget "Skit" */ = {
			isa = XCConfigurationList;
			buildConfigurations = (
				15C52E801E4103000066390C /* Debug */,
				15C52E811E4103000066390C /* Release */,
			);
			defaultConfigurationIsVisible = 0;
			defaultConfigurationName = Release;
		};
/* End XCConfigurationList section */
	};
	rootObject = 15C52E651E4103000066390C /* Project object */;
}
